
Microsoft Visual Studio Solution File, Format Version 12.00
# Visual Studio Version 17
VisualStudioVersion = 17.10.34607.79
MinimumVisualStudioVersion = 10.0.40219.1
Project("{FAE04EC0-301F-11D3-BF4B-00C04F79EFBC}") = "ToDoApp.Android", "ToDoApp\ToDoApp.Android\ToDoApp.Android.csproj", "{BF8ACEFE-DC05-4347-AD31-9176385193DC}"
EndProject
Project("{FAE04EC0-301F-11D3-BF4B-00C04F79EFBC}") = "ToDoApp.iOS", "ToDoApp\ToDoApp.iOS\ToDoApp.iOS.csproj", "{56BBCC23-1D5B-4BAE-BB12-813156601A8F}"
EndProject
Project("{9A19103F-16F7-4668-BE54-9A1E7A4F7556}") = "ToDoApp", "ToDoApp\ToDoApp\ToDoApp.csproj", "{A5B1B286-ED5C-4373-BBA8-66421CF8F44C}"
EndProject
Project("{9A19103F-16F7-4668-BE54-9A1E7A4F7556}") = "UnitTestProject", "UnitTestProject\UnitTestProject.csproj", "{3A1187BD-E075-4317-AFDA-55E09EBB81B6}"
EndProject
Project("{FAE04EC0-301F-11D3-BF4B-00C04F79EFBC}") = "ToDoApp.UWP", "ToDoApp\ToDoApp.UWP\ToDoApp.UWP.csproj", "{9B54718D-E8E3-46B1-B0ED-85B3A7918515}"
EndProject
Global
	GlobalSection(SolutionConfigurationPlatforms) = preSolution
		Debug|Any CPU = Debug|Any CPU
		Debug|ARM = Debug|ARM
		Debug|iPhone = Debug|iPhone
		Debug|iPhoneSimulator = Debug|iPhoneSimulator
		Debug|x64 = Debug|x64
		Debug|x86 = Debug|x86
		Release|Any CPU = Release|Any CPU
		Release|ARM = Release|ARM
		Release|iPhone = Release|iPhone
		Release|iPhoneSimulator = Release|iPhoneSimulator
		Release|x64 = Release|x64
		Release|x86 = Release|x86
	EndGlobalSection
	GlobalSection(ProjectConfigurationPlatforms) = postSolution
		{BF8ACEFE-DC05-4347-AD31-9176385193DC}.Debug|Any CPU.ActiveCfg = Debug|Any CPU
		{BF8ACEFE-DC05-4347-AD31-9176385193DC}.Debug|Any CPU.Build.0 = Debug|Any CPU
		{BF8ACEFE-DC05-4347-AD31-9176385193DC}.Debug|Any CPU.Deploy.0 = Debug|Any CPU
		{BF8ACEFE-DC05-4347-AD31-9176385193DC}.Debug|ARM.ActiveCfg = Debug|Any CPU
		{BF8ACEFE-DC05-4347-AD31-9176385193DC}.Debug|iPhone.ActiveCfg = Debug|Any CPU
		{BF8ACEFE-DC05-4347-AD31-9176385193DC}.Debug|iPhone.Build.0 = Debug|Any CPU
		{BF8ACEFE-DC05-4347-AD31-9176385193DC}.Debug|iPhone.Deploy.0 = Debug|Any CPU
		{BF8ACEFE-DC05-4347-AD31-9176385193DC}.Debug|iPhoneSimulator.ActiveCfg = Debug|Any CPU
		{BF8ACEFE-DC05-4347-AD31-9176385193DC}.Debug|iPhoneSimulator.Build.0 = Debug|Any CPU
		{BF8ACEFE-DC05-4347-AD31-9176385193DC}.Debug|iPhoneSimulator.Deploy.0 = Debug|Any CPU
		{BF8ACEFE-DC05-4347-AD31-9176385193DC}.Debug|x64.ActiveCfg = Debug|Any CPU
		{BF8ACEFE-DC05-4347-AD31-9176385193DC}.Debug|x86.ActiveCfg = Debug|Any CPU
		{BF8ACEFE-DC05-4347-AD31-9176385193DC}.Release|Any CPU.ActiveCfg = Release|Any CPU
		{BF8ACEFE-DC05-4347-AD31-9176385193DC}.Release|Any CPU.Build.0 = Release|Any CPU
		{BF8ACEFE-DC05-4347-AD31-9176385193DC}.Release|Any CPU.Deploy.0 = Release|Any CPU
		{BF8ACEFE-DC05-4347-AD31-9176385193DC}.Release|ARM.ActiveCfg = Release|Any CPU
		{BF8ACEFE-DC05-4347-AD31-9176385193DC}.Release|iPhone.ActiveCfg = Release|Any CPU
		{BF8ACEFE-DC05-4347-AD31-9176385193DC}.Release|iPhone.Build.0 = Release|Any CPU
		{BF8ACEFE-DC05-4347-AD31-9176385193DC}.Release|iPhone.Deploy.0 = Release|Any CPU
		{BF8ACEFE-DC05-4347-AD31-9176385193DC}.Release|iPhoneSimulator.ActiveCfg = Release|Any CPU
		{BF8ACEFE-DC05-4347-AD31-9176385193DC}.Release|iPhoneSimulator.Build.0 = Release|Any CPU
		{BF8ACEFE-DC05-4347-AD31-9176385193DC}.Release|iPhoneSimulator.Deploy.0 = Release|Any CPU
		{BF8ACEFE-DC05-4347-AD31-9176385193DC}.Release|x64.ActiveCfg = Release|Any CPU
		{BF8ACEFE-DC05-4347-AD31-9176385193DC}.Release|x86.ActiveCfg = Release|Any CPU
		{56BBCC23-1D5B-4BAE-BB12-813156601A8F}.Debug|Any CPU.ActiveCfg = Debug|iPhoneSimulator
		{56BBCC23-1D5B-4BAE-BB12-813156601A8F}.Debug|Any CPU.Build.0 = Debug|iPhoneSimulator
		{56BBCC23-1D5B-4BAE-BB12-813156601A8F}.Debug|Any CPU.Deploy.0 = Debug|iPhoneSimulator
		{56BBCC23-1D5B-4BAE-BB12-813156601A8F}.Debug|ARM.ActiveCfg = Debug|iPhone
		{56BBCC23-1D5B-4BAE-BB12-813156601A8F}.Debug|iPhone.ActiveCfg = Debug|iPhone
		{56BBCC23-1D5B-4BAE-BB12-813156601A8F}.Debug|iPhone.Build.0 = Debug|iPhone
		{56BBCC23-1D5B-4BAE-BB12-813156601A8F}.Debug|iPhone.Deploy.0 = Debug|iPhone
		{56BBCC23-1D5B-4BAE-BB12-813156601A8F}.Debug|iPhoneSimulator.ActiveCfg = Debug|iPhoneSimulator
		{56BBCC23-1D5B-4BAE-BB12-813156601A8F}.Debug|iPhoneSimulator.Build.0 = Debug|iPhoneSimulator
		{56BBCC23-1D5B-4BAE-BB12-813156601A8F}.Debug|iPhoneSimulator.Deploy.0 = Debug|iPhoneSimulator
		{56BBCC23-1D5B-4BAE-BB12-813156601A8F}.Debug|x64.ActiveCfg = Debug|iPhone
		{56BBCC23-1D5B-4BAE-BB12-813156601A8F}.Debug|x86.ActiveCfg = Debug|iPhone
		{56BBCC23-1D5B-4BAE-BB12-813156601A8F}.Release|Any CPU.ActiveCfg = Release|iPhone
		{56BBCC23-1D5B-4BAE-BB12-813156601A8F}.Release|Any CPU.Build.0 = Release|iPhone
		{56BBCC23-1D5B-4BAE-BB12-813156601A8F}.Release|Any CPU.Deploy.0 = Release|iPhone
		{56BBCC23-1D5B-4BAE-BB12-813156601A8F}.Release|ARM.ActiveCfg = Release|iPhoneSimulator
		{56BBCC23-1D5B-4BAE-BB12-813156601A8F}.Release|iPhone.ActiveCfg = Release|iPhone
		{56BBCC23-1D5B-4BAE-BB12-813156601A8F}.Release|iPhone.Build.0 = Release|iPhone
		{56BBCC23-1D5B-4BAE-BB12-813156601A8F}.Release|iPhone.Deploy.0 = Release|iPhone
		{56BBCC23-1D5B-4BAE-BB12-813156601A8F}.Release|iPhoneSimulator.ActiveCfg = Release|iPhoneSimulator
		{56BBCC23-1D5B-4BAE-BB12-813156601A8F}.Release|iPhoneSimulator.Build.0 = Release|iPhoneSimulator
		{56BBCC23-1D5B-4BAE-BB12-813156601A8F}.Release|iPhoneSimulator.Deploy.0 = Release|iPhoneSimulator
		{56BBCC23-1D5B-4BAE-BB12-813156601A8F}.Release|x64.ActiveCfg = Release|iPhoneSimulator
		{56BBCC23-1D5B-4BAE-BB12-813156601A8F}.Release|x86.ActiveCfg = Release|iPhoneSimulator
		{A5B1B286-ED5C-4373-BBA8-66421CF8F44C}.Debug|Any CPU.ActiveCfg = Debug|Any CPU
		{A5B1B286-ED5C-4373-BBA8-66421CF8F44C}.Debug|Any CPU.Build.0 = Debug|Any CPU
		{A5B1B286-ED5C-4373-BBA8-66421CF8F44C}.Debug|Any CPU.Deploy.0 = Debug|Any CPU
		{A5B1B286-ED5C-4373-BBA8-66421CF8F44C}.Debug|ARM.ActiveCfg = Debug|Any CPU
		{A5B1B286-ED5C-4373-BBA8-66421CF8F44C}.Debug|ARM.Build.0 = Debug|Any CPU
		{A5B1B286-ED5C-4373-BBA8-66421CF8F44C}.Debug|iPhone.ActiveCfg = Debug|Any CPU
		{A5B1B286-ED5C-4373-BBA8-66421CF8F44C}.Debug|iPhone.Build.0 = Debug|Any CPU
		{A5B1B286-ED5C-4373-BBA8-66421CF8F44C}.Debug|iPhone.Deploy.0 = Debug|Any CPU
		{A5B1B286-ED5C-4373-BBA8-66421CF8F44C}.Debug|iPhoneSimulator.ActiveCfg = Debug|Any CPU
		{A5B1B286-ED5C-4373-BBA8-66421CF8F44C}.Debug|iPhoneSimulator.Build.0 = Debug|Any CPU
		{A5B1B286-ED5C-4373-BBA8-66421CF8F44C}.Debug|iPhoneSimulator.Deploy.0 = Debug|Any CPU
		{A5B1B286-ED5C-4373-BBA8-66421CF8F44C}.Debug|x64.ActiveCfg = Debug|Any CPU
		{A5B1B286-ED5C-4373-BBA8-66421CF8F44C}.Debug|x64.Build.0 = Debug|Any CPU
		{A5B1B286-ED5C-4373-BBA8-66421CF8F44C}.Debug|x86.ActiveCfg = Debug|Any CPU
		{A5B1B286-ED5C-4373-BBA8-66421CF8F44C}.Debug|x86.Build.0 = Debug|Any CPU
		{A5B1B286-ED5C-4373-BBA8-66421CF8F44C}.Release|Any CPU.ActiveCfg = Release|Any CPU
		{A5B1B286-ED5C-4373-BBA8-66421CF8F44C}.Release|Any CPU.Build.0 = Release|Any CPU
		{A5B1B286-ED5C-4373-BBA8-66421CF8F44C}.Release|Any CPU.Deploy.0 = Release|Any CPU
		{A5B1B286-ED5C-4373-BBA8-66421CF8F44C}.Release|ARM.ActiveCfg = Release|Any CPU
		{A5B1B286-ED5C-4373-BBA8-66421CF8F44C}.Release|ARM.Build.0 = Release|Any CPU
		{A5B1B286-ED5C-4373-BBA8-66421CF8F44C}.Release|iPhone.ActiveCfg = Release|Any CPU
		{A5B1B286-ED5C-4373-BBA8-66421CF8F44C}.Release|iPhone.Build.0 = Release|Any CPU
		{A5B1B286-ED5C-4373-BBA8-66421CF8F44C}.Release|iPhone.Deploy.0 = Release|Any CPU
		{A5B1B286-ED5C-4373-BBA8-66421CF8F44C}.Release|iPhoneSimulator.ActiveCfg = Release|Any CPU
		{A5B1B286-ED5C-4373-BBA8-66421CF8F44C}.Release|iPhoneSimulator.Build.0 = Release|Any CPU
		{A5B1B286-ED5C-4373-BBA8-66421CF8F44C}.Release|iPhoneSimulator.Deploy.0 = Release|Any CPU
		{A5B1B286-ED5C-4373-BBA8-66421CF8F44C}.Release|x64.ActiveCfg = Release|Any CPU
		{A5B1B286-ED5C-4373-BBA8-66421CF8F44C}.Release|x64.Build.0 = Release|Any CPU
		{A5B1B286-ED5C-4373-BBA8-66421CF8F44C}.Release|x86.ActiveCfg = Release|Any CPU
		{A5B1B286-ED5C-4373-BBA8-66421CF8F44C}.Release|x86.Build.0 = Release|Any CPU
		{3A1187BD-E075-4317-AFDA-55E09EBB81B6}.Debug|Any CPU.ActiveCfg = Debug|Any CPU
		{3A1187BD-E075-4317-AFDA-55E09EBB81B6}.Debug|Any CPU.Build.0 = Debug|Any CPU
		{3A1187BD-E075-4317-AFDA-55E09EBB81B6}.Debug|ARM.ActiveCfg = Debug|Any CPU
		{3A1187BD-E075-4317-AFDA-55E09EBB81B6}.Debug|iPhone.ActiveCfg = Debug|Any CPU
		{3A1187BD-E075-4317-AFDA-55E09EBB81B6}.Debug|iPhone.Build.0 = Debug|Any CPU
		{3A1187BD-E075-4317-AFDA-55E09EBB81B6}.Debug|iPhoneSimulator.ActiveCfg = Debug|Any CPU
		{3A1187BD-E075-4317-AFDA-55E09EBB81B6}.Debug|iPhoneSimulator.Build.0 = Debug|Any CPU
		{3A1187BD-E075-4317-AFDA-55E09EBB81B6}.Debug|x64.ActiveCfg = Debug|Any CPU
		{3A1187BD-E075-4317-AFDA-55E09EBB81B6}.Debug|x86.ActiveCfg = Debug|Any CPU
		{3A1187BD-E075-4317-AFDA-55E09EBB81B6}.Release|Any CPU.ActiveCfg = Release|Any CPU
		{3A1187BD-E075-4317-AFDA-55E09EBB81B6}.Release|Any CPU.Build.0 = Release|Any CPU
		{3A1187BD-E075-4317-AFDA-55E09EBB81B6}.Release|ARM.ActiveCfg = Release|Any CPU
		{3A1187BD-E075-4317-AFDA-55E09EBB81B6}.Release|iPhone.ActiveCfg = Release|Any CPU
		{3A1187BD-E075-4317-AFDA-55E09EBB81B6}.Release|iPhone.Build.0 = Release|Any CPU
		{3A1187BD-E075-4317-AFDA-55E09EBB81B6}.Release|iPhoneSimulator.ActiveCfg = Release|Any CPU
		{3A1187BD-E075-4317-AFDA-55E09EBB81B6}.Release|iPhoneSimulator.Build.0 = Release|Any CPU
		{3A1187BD-E075-4317-AFDA-55E09EBB81B6}.Release|x64.ActiveCfg = Release|Any CPU
		{3A1187BD-E075-4317-AFDA-55E09EBB81B6}.Release|x86.ActiveCfg = Release|Any CPU
		{9B54718D-E8E3-46B1-B0ED-85B3A7918515}.Debug|Any CPU.ActiveCfg = Debug|x64
		{9B54718D-E8E3-46B1-B0ED-85B3A7918515}.Debug|Any CPU.Build.0 = Debug|x64
		{9B54718D-E8E3-46B1-B0ED-85B3A7918515}.Debug|Any CPU.Deploy.0 = Debug|x64
		{9B54718D-E8E3-46B1-B0ED-85B3A7918515}.Debug|ARM.ActiveCfg = Debug|ARM
		{9B54718D-E8E3-46B1-B0ED-85B3A7918515}.Debug|ARM.Build.0 = Debug|ARM
		{9B54718D-E8E3-46B1-B0ED-85B3A7918515}.Debug|ARM.Deploy.0 = Debug|ARM
		{9B54718D-E8E3-46B1-B0ED-85B3A7918515}.Debug|iPhone.ActiveCfg = Debug|x64
		{9B54718D-E8E3-46B1-B0ED-85B3A7918515}.Debug|iPhone.Build.0 = Debug|x64
		{9B54718D-E8E3-46B1-B0ED-85B3A7918515}.Debug|iPhone.Deploy.0 = Debug|x64
		{9B54718D-E8E3-46B1-B0ED-85B3A7918515}.Debug|iPhoneSimulator.ActiveCfg = Debug|x64
		{9B54718D-E8E3-46B1-B0ED-85B3A7918515}.Debug|iPhoneSimulator.Build.0 = Debug|x64
		{9B54718D-E8E3-46B1-B0ED-85B3A7918515}.Debug|iPhoneSimulator.Deploy.0 = Debug|x64
		{9B54718D-E8E3-46B1-B0ED-85B3A7918515}.Debug|x64.ActiveCfg = Debug|x64
		{9B54718D-E8E3-46B1-B0ED-85B3A7918515}.Debug|x64.Build.0 = Debug|x64
		{9B54718D-E8E3-46B1-B0ED-85B3A7918515}.Debug|x64.Deploy.0 = Debug|x64
		{9B54718D-E8E3-46B1-B0ED-85B3A7918515}.Debug|x86.ActiveCfg = Debug|x86
		{9B54718D-E8E3-46B1-B0ED-85B3A7918515}.Debug|x86.Build.0 = Debug|x86
		{9B54718D-E8E3-46B1-B0ED-85B3A7918515}.Debug|x86.Deploy.0 = Debug|x86
		{9B54718D-E8E3-46B1-B0ED-85B3A7918515}.Release|Any CPU.ActiveCfg = Release|x64
		{9B54718D-E8E3-46B1-B0ED-85B3A7918515}.Release|Any CPU.Build.0 = Release|x64
		{9B54718D-E8E3-46B1-B0ED-85B3A7918515}.Release|Any CPU.Deploy.0 = Release|x64
		{9B54718D-E8E3-46B1-B0ED-85B3A7918515}.Release|ARM.ActiveCfg = Release|ARM
		{9B54718D-E8E3-46B1-B0ED-85B3A7918515}.Release|ARM.Build.0 = Release|ARM
		{9B54718D-E8E3-46B1-B0ED-85B3A7918515}.Release|ARM.Deploy.0 = Release|ARM
		{9B54718D-E8E3-46B1-B0ED-85B3A7918515}.Release|iPhone.ActiveCfg = Release|x64
		{9B54718D-E8E3-46B1-B0ED-85B3A7918515}.Release|iPhone.Build.0 = Release|x64
		{9B54718D-E8E3-46B1-B0ED-85B3A7918515}.Release|iPhone.Deploy.0 = Release|x64
		{9B54718D-E8E3-46B1-B0ED-85B3A7918515}.Release|iPhoneSimulator.ActiveCfg = Release|x64
		{9B54718D-E8E3-46B1-B0ED-85B3A7918515}.Release|iPhoneSimulator.Build.0 = Release|x64
		{9B54718D-E8E3-46B1-B0ED-85B3A7918515}.Release|iPhoneSimulator.Deploy.0 = Release|x64
		{9B54718D-E8E3-46B1-B0ED-85B3A7918515}.Release|x64.ActiveCfg = Release|x64
		{9B54718D-E8E3-46B1-B0ED-85B3A7918515}.Release|x64.Build.0 = Release|x64
		{9B54718D-E8E3-46B1-B0ED-85B3A7918515}.Release|x64.Deploy.0 = Release|x64
		{9B54718D-E8E3-46B1-B0ED-85B3A7918515}.Release|x86.ActiveCfg = Release|x86
		{9B54718D-E8E3-46B1-B0ED-85B3A7918515}.Release|x86.Build.0 = Release|x86
		{9B54718D-E8E3-46B1-B0ED-85B3A7918515}.Release|x86.Deploy.0 = Release|x86
	EndGlobalSection
	GlobalSection(SolutionProperties) = preSolution
		HideSolutionNode = FALSE
	EndGlobalSection
	GlobalSection(ExtensibilityGlobals) = postSolution
		SolutionGuid = {6ABE865F-BADB-4E49-9E9F-D2810FE2043F}
	EndGlobalSection
EndGlobal
