
Microsoft Visual Studio Solution File, Format Version 12.00
# Visual Studio Version 17
VisualStudioVersion = 17.1.32120.378
MinimumVisualStudioVersion = 10.0.40219.1


Project("{9A19103F-16F7-4668-BE54-9A1E7A4F7556}") = "TodoXamarinForms", "TodoXamarinForms\TodoXamarinForms.csproj", "{68AF953A-3C54-4DFA-99C0-08F463E5AA2C}"
EndProject

Project("{FAE04EC0-301F-11D3-BF4B-00C04F79EFBC}") = "TodoXamarinForms.Android", "TodoXamarinForms.Android\TodoXamarinForms.Android.csproj", "{F73EAFF1-5880-4E98-A812-759184EF8608}"
EndProject

Project("{FAE04EC0-301F-11D3-BF4B-00C04F79EFBC}") = "TodoXamarinForms.iOS", "TodoXamarinForms.iOS\TodoXamarinForms.iOS.csproj", "{F4102EF4-00CF-4C34-A0F3-E20746D971D1}"
EndProject

Project("{FAE04EC0-301F-11D3-BF4B-00C04F79EFBC}") = "TodoXamarinForms.UWP", "TodoXamarinForms.UWP\TodoXamarinForms.UWP.csproj", "{6B84B7FF-CB0D-4C17-90D0-566853A0140A}"
EndProject
Global
	GlobalSection(SolutionConfigurationPlatforms) = preSolution
		Ad-Hoc|Any CPU = Ad-Hoc|Any CPU
		Ad-Hoc|ARM = Ad-Hoc|ARM
		Ad-Hoc|iPhone = Ad-Hoc|iPhone
		Ad-Hoc|iPhoneSimulator = Ad-Hoc|iPhoneSimulator
		Ad-Hoc|x64 = Ad-Hoc|x64
		Ad-Hoc|x86 = Ad-Hoc|x86
		AppStore|Any CPU = AppStore|Any CPU
		AppStore|ARM = AppStore|ARM
		AppStore|iPhone = AppStore|iPhone
		AppStore|iPhoneSimulator = AppStore|iPhoneSimulator
		AppStore|x64 = AppStore|x64
		AppStore|x86 = AppStore|x86
		Debug|Any CPU = Debug|Any CPU
		Debug|ARM = Debug|ARM
		Debug|iPhone = Debug|iPhone
		Debug|iPhoneSimulator = Debug|iPhoneSimulator
		Debug|x64 = Debug|x64
		Debug|x86 = Debug|x86
		Release|Any CPU = Release|Any CPU
		Release|ARM = Release|ARM
		Release|iPhone = Release|iPhone
		Release|iPhoneSimulator = Release|iPhoneSimulator
		Release|x64 = Release|x64
		Release|x86 = Release|x86
	EndGlobalSection
	GlobalSection(ProjectConfigurationPlatforms) = postSolution
		{F73EAFF1-5880-4E98-A812-759184EF8608}.Ad-Hoc|Any CPU.ActiveCfg = Release|Any CPU
		{F73EAFF1-5880-4E98-A812-759184EF8608}.Ad-Hoc|Any CPU.Build.0 = Release|Any CPU
		{F73EAFF1-5880-4E98-A812-759184EF8608}.Ad-Hoc|Any CPU.Deploy.0 = Release|Any CPU
		{F73EAFF1-5880-4E98-A812-759184EF8608}.Ad-Hoc|ARM.ActiveCfg = Debug|Any CPU
		{F73EAFF1-5880-4E98-A812-759184EF8608}.Ad-Hoc|ARM.Build.0 = Debug|Any CPU
		{F73EAFF1-5880-4E98-A812-759184EF8608}.Ad-Hoc|ARM.Deploy.0 = Debug|Any CPU
		{F73EAFF1-5880-4E98-A812-759184EF8608}.Ad-Hoc|iPhone.ActiveCfg = Release|Any CPU
		{F73EAFF1-5880-4E98-A812-759184EF8608}.Ad-Hoc|iPhone.Build.0 = Release|Any CPU
		{F73EAFF1-5880-4E98-A812-759184EF8608}.Ad-Hoc|iPhone.Deploy.0 = Release|Any CPU
		{F73EAFF1-5880-4E98-A812-759184EF8608}.Ad-Hoc|iPhoneSimulator.ActiveCfg = Release|Any CPU
		{F73EAFF1-5880-4E98-A812-759184EF8608}.Ad-Hoc|iPhoneSimulator.Build.0 = Release|Any CPU
		{F73EAFF1-5880-4E98-A812-759184EF8608}.Ad-Hoc|iPhoneSimulator.Deploy.0 = Release|Any CPU
		{F73EAFF1-5880-4E98-A812-759184EF8608}.Ad-Hoc|x64.ActiveCfg = Debug|Any CPU
		{F73EAFF1-5880-4E98-A812-759184EF8608}.Ad-Hoc|x64.Build.0 = Debug|Any CPU
		{F73EAFF1-5880-4E98-A812-759184EF8608}.Ad-Hoc|x64.Deploy.0 = Debug|Any CPU
		{F73EAFF1-5880-4E98-A812-759184EF8608}.Ad-Hoc|x86.ActiveCfg = Debug|Any CPU
		{F73EAFF1-5880-4E98-A812-759184EF8608}.Ad-Hoc|x86.Build.0 = Debug|Any CPU
		{F73EAFF1-5880-4E98-A812-759184EF8608}.Ad-Hoc|x86.Deploy.0 = Debug|Any CPU
		{F73EAFF1-5880-4E98-A812-759184EF8608}.AppStore|Any CPU.ActiveCfg = Release|Any CPU
		{F73EAFF1-5880-4E98-A812-759184EF8608}.AppStore|Any CPU.Build.0 = Release|Any CPU
		{F73EAFF1-5880-4E98-A812-759184EF8608}.AppStore|Any CPU.Deploy.0 = Release|Any CPU
		{F73EAFF1-5880-4E98-A812-759184EF8608}.AppStore|ARM.ActiveCfg = Debug|Any CPU
		{F73EAFF1-5880-4E98-A812-759184EF8608}.AppStore|ARM.Build.0 = Debug|Any CPU
		{F73EAFF1-5880-4E98-A812-759184EF8608}.AppStore|ARM.Deploy.0 = Debug|Any CPU
		{F73EAFF1-5880-4E98-A812-759184EF8608}.AppStore|iPhone.ActiveCfg = Release|Any CPU
		{F73EAFF1-5880-4E98-A812-759184EF8608}.AppStore|iPhone.Build.0 = Release|Any CPU
		{F73EAFF1-5880-4E98-A812-759184EF8608}.AppStore|iPhone.Deploy.0 = Release|Any CPU
		{F73EAFF1-5880-4E98-A812-759184EF8608}.AppStore|iPhoneSimulator.ActiveCfg = Release|Any CPU
		{F73EAFF1-5880-4E98-A812-759184EF8608}.AppStore|iPhoneSimulator.Build.0 = Release|Any CPU
		{F73EAFF1-5880-4E98-A812-759184EF8608}.AppStore|iPhoneSimulator.Deploy.0 = Release|Any CPU
		{F73EAFF1-5880-4E98-A812-759184EF8608}.AppStore|x64.ActiveCfg = Debug|Any CPU
		{F73EAFF1-5880-4E98-A812-759184EF8608}.AppStore|x64.Build.0 = Debug|Any CPU
		{F73EAFF1-5880-4E98-A812-759184EF8608}.AppStore|x64.Deploy.0 = Debug|Any CPU
		{F73EAFF1-5880-4E98-A812-759184EF8608}.AppStore|x86.ActiveCfg = Debug|Any CPU
		{F73EAFF1-5880-4E98-A812-759184EF8608}.AppStore|x86.Build.0 = Debug|Any CPU
		{F73EAFF1-5880-4E98-A812-759184EF8608}.AppStore|x86.Deploy.0 = Debug|Any CPU
		{F73EAFF1-5880-4E98-A812-759184EF8608}.Debug|Any CPU.ActiveCfg = Debug|Any CPU
		{F73EAFF1-5880-4E98-A812-759184EF8608}.Debug|Any CPU.Build.0 = Debug|Any CPU
		{F73EAFF1-5880-4E98-A812-759184EF8608}.Debug|Any CPU.Deploy.0 = Debug|Any CPU
		{F73EAFF1-5880-4E98-A812-759184EF8608}.Debug|ARM.ActiveCfg = Debug|Any CPU
		{F73EAFF1-5880-4E98-A812-759184EF8608}.Debug|ARM.Build.0 = Debug|Any CPU
		{F73EAFF1-5880-4E98-A812-759184EF8608}.Debug|ARM.Deploy.0 = Debug|Any CPU
		{F73EAFF1-5880-4E98-A812-759184EF8608}.Debug|iPhone.ActiveCfg = Debug|Any CPU
		{F73EAFF1-5880-4E98-A812-759184EF8608}.Debug|iPhone.Build.0 = Debug|Any CPU
		{F73EAFF1-5880-4E98-A812-759184EF8608}.Debug|iPhone.Deploy.0 = Debug|Any CPU
		{F73EAFF1-5880-4E98-A812-759184EF8608}.Debug|iPhoneSimulator.ActiveCfg = Debug|Any CPU
		{F73EAFF1-5880-4E98-A812-759184EF8608}.Debug|iPhoneSimulator.Build.0 = Debug|Any CPU
		{F73EAFF1-5880-4E98-A812-759184EF8608}.Debug|iPhoneSimulator.Deploy.0 = Debug|Any CPU
		{F73EAFF1-5880-4E98-A812-759184EF8608}.Debug|x64.ActiveCfg = Debug|Any CPU
		{F73EAFF1-5880-4E98-A812-759184EF8608}.Debug|x64.Build.0 = Debug|Any CPU
		{F73EAFF1-5880-4E98-A812-759184EF8608}.Debug|x64.Deploy.0 = Debug|Any CPU
		{F73EAFF1-5880-4E98-A812-759184EF8608}.Debug|x86.ActiveCfg = Debug|Any CPU
		{F73EAFF1-5880-4E98-A812-759184EF8608}.Debug|x86.Build.0 = Debug|Any CPU
		{F73EAFF1-5880-4E98-A812-759184EF8608}.Debug|x86.Deploy.0 = Debug|Any CPU
		{F73EAFF1-5880-4E98-A812-759184EF8608}.Release|Any CPU.ActiveCfg = Release|Any CPU
		{F73EAFF1-5880-4E98-A812-759184EF8608}.Release|Any CPU.Build.0 = Release|Any CPU
		{F73EAFF1-5880-4E98-A812-759184EF8608}.Release|Any CPU.Deploy.0 = Release|Any CPU
		{F73EAFF1-5880-4E98-A812-759184EF8608}.Release|ARM.ActiveCfg = Release|Any CPU
		{F73EAFF1-5880-4E98-A812-759184EF8608}.Release|ARM.Build.0 = Release|Any CPU
		{F73EAFF1-5880-4E98-A812-759184EF8608}.Release|ARM.Deploy.0 = Release|Any CPU
		{F73EAFF1-5880-4E98-A812-759184EF8608}.Release|iPhone.ActiveCfg = Release|Any CPU
		{F73EAFF1-5880-4E98-A812-759184EF8608}.Release|iPhone.Build.0 = Release|Any CPU
		{F73EAFF1-5880-4E98-A812-759184EF8608}.Release|iPhone.Deploy.0 = Release|Any CPU
		{F73EAFF1-5880-4E98-A812-759184EF8608}.Release|iPhoneSimulator.ActiveCfg = Release|Any CPU
		{F73EAFF1-5880-4E98-A812-759184EF8608}.Release|iPhoneSimulator.Build.0 = Release|Any CPU
		{F73EAFF1-5880-4E98-A812-759184EF8608}.Release|iPhoneSimulator.Deploy.0 = Release|Any CPU
		{F73EAFF1-5880-4E98-A812-759184EF8608}.Release|x64.ActiveCfg = Release|Any CPU
		{F73EAFF1-5880-4E98-A812-759184EF8608}.Release|x64.Build.0 = Release|Any CPU
		{F73EAFF1-5880-4E98-A812-759184EF8608}.Release|x64.Deploy.0 = Release|Any CPU
		{F73EAFF1-5880-4E98-A812-759184EF8608}.Release|x86.ActiveCfg = Release|Any CPU
		{F73EAFF1-5880-4E98-A812-759184EF8608}.Release|x86.Build.0 = Release|Any CPU
		{F73EAFF1-5880-4E98-A812-759184EF8608}.Release|x86.Deploy.0 = Release|Any CPU
		{F4102EF4-00CF-4C34-A0F3-E20746D971D1}.Ad-Hoc|Any CPU.ActiveCfg = Ad-Hoc|iPhone
		{F4102EF4-00CF-4C34-A0F3-E20746D971D1}.Ad-Hoc|ARM.ActiveCfg = Ad-Hoc|iPhoneSimulator
		{F4102EF4-00CF-4C34-A0F3-E20746D971D1}.Ad-Hoc|ARM.Build.0 = Ad-Hoc|iPhoneSimulator
		{F4102EF4-00CF-4C34-A0F3-E20746D971D1}.Ad-Hoc|iPhone.ActiveCfg = Ad-Hoc|iPhone
		{F4102EF4-00CF-4C34-A0F3-E20746D971D1}.Ad-Hoc|iPhone.Build.0 = Ad-Hoc|iPhone
		{F4102EF4-00CF-4C34-A0F3-E20746D971D1}.Ad-Hoc|iPhoneSimulator.ActiveCfg = Ad-Hoc|iPhoneSimulator
		{F4102EF4-00CF-4C34-A0F3-E20746D971D1}.Ad-Hoc|iPhoneSimulator.Build.0 = Ad-Hoc|iPhoneSimulator
		{F4102EF4-00CF-4C34-A0F3-E20746D971D1}.Ad-Hoc|x64.ActiveCfg = Ad-Hoc|iPhoneSimulator
		{F4102EF4-00CF-4C34-A0F3-E20746D971D1}.Ad-Hoc|x64.Build.0 = Ad-Hoc|iPhoneSimulator
		{F4102EF4-00CF-4C34-A0F3-E20746D971D1}.Ad-Hoc|x86.ActiveCfg = Ad-Hoc|iPhoneSimulator
		{F4102EF4-00CF-4C34-A0F3-E20746D971D1}.Ad-Hoc|x86.Build.0 = Ad-Hoc|iPhoneSimulator
		{F4102EF4-00CF-4C34-A0F3-E20746D971D1}.AppStore|Any CPU.ActiveCfg = AppStore|iPhone
		{F4102EF4-00CF-4C34-A0F3-E20746D971D1}.AppStore|ARM.ActiveCfg = AppStore|iPhoneSimulator
		{F4102EF4-00CF-4C34-A0F3-E20746D971D1}.AppStore|ARM.Build.0 = AppStore|iPhoneSimulator
		{F4102EF4-00CF-4C34-A0F3-E20746D971D1}.AppStore|iPhone.ActiveCfg = AppStore|iPhone
		{F4102EF4-00CF-4C34-A0F3-E20746D971D1}.AppStore|iPhone.Build.0 = AppStore|iPhone
		{F4102EF4-00CF-4C34-A0F3-E20746D971D1}.AppStore|iPhoneSimulator.ActiveCfg = AppStore|iPhoneSimulator
		{F4102EF4-00CF-4C34-A0F3-E20746D971D1}.AppStore|iPhoneSimulator.Build.0 = AppStore|iPhoneSimulator
		{F4102EF4-00CF-4C34-A0F3-E20746D971D1}.AppStore|x64.ActiveCfg = AppStore|iPhoneSimulator
		{F4102EF4-00CF-4C34-A0F3-E20746D971D1}.AppStore|x64.Build.0 = AppStore|iPhoneSimulator
		{F4102EF4-00CF-4C34-A0F3-E20746D971D1}.AppStore|x86.ActiveCfg = AppStore|iPhoneSimulator
		{F4102EF4-00CF-4C34-A0F3-E20746D971D1}.AppStore|x86.Build.0 = AppStore|iPhoneSimulator
		{F4102EF4-00CF-4C34-A0F3-E20746D971D1}.Debug|Any CPU.ActiveCfg = Debug|iPhone
		{F4102EF4-00CF-4C34-A0F3-E20746D971D1}.Debug|ARM.ActiveCfg = Debug|iPhoneSimulator
		{F4102EF4-00CF-4C34-A0F3-E20746D971D1}.Debug|ARM.Build.0 = Debug|iPhoneSimulator
		{F4102EF4-00CF-4C34-A0F3-E20746D971D1}.Debug|iPhone.ActiveCfg = Debug|iPhone
		{F4102EF4-00CF-4C34-A0F3-E20746D971D1}.Debug|iPhone.Build.0 = Debug|iPhone
		{F4102EF4-00CF-4C34-A0F3-E20746D971D1}.Debug|iPhoneSimulator.ActiveCfg = Debug|iPhoneSimulator
		{F4102EF4-00CF-4C34-A0F3-E20746D971D1}.Debug|iPhoneSimulator.Build.0 = Debug|iPhoneSimulator
		{F4102EF4-00CF-4C34-A0F3-E20746D971D1}.Debug|x64.ActiveCfg = Debug|iPhoneSimulator
		{F4102EF4-00CF-4C34-A0F3-E20746D971D1}.Debug|x64.Build.0 = Debug|iPhoneSimulator
		{F4102EF4-00CF-4C34-A0F3-E20746D971D1}.Debug|x86.ActiveCfg = Debug|iPhoneSimulator
		{F4102EF4-00CF-4C34-A0F3-E20746D971D1}.Debug|x86.Build.0 = Debug|iPhoneSimulator
		{F4102EF4-00CF-4C34-A0F3-E20746D971D1}.Release|Any CPU.ActiveCfg = Release|iPhone
		{F4102EF4-00CF-4C34-A0F3-E20746D971D1}.Release|ARM.ActiveCfg = Release|iPhoneSimulator
		{F4102EF4-00CF-4C34-A0F3-E20746D971D1}.Release|ARM.Build.0 = Release|iPhoneSimulator
		{F4102EF4-00CF-4C34-A0F3-E20746D971D1}.Release|iPhone.ActiveCfg = Release|iPhone
		{F4102EF4-00CF-4C34-A0F3-E20746D971D1}.Release|iPhone.Build.0 = Release|iPhone
		{F4102EF4-00CF-4C34-A0F3-E20746D971D1}.Release|iPhoneSimulator.ActiveCfg = Release|iPhoneSimulator
		{F4102EF4-00CF-4C34-A0F3-E20746D971D1}.Release|iPhoneSimulator.Build.0 = Release|iPhoneSimulator
		{F4102EF4-00CF-4C34-A0F3-E20746D971D1}.Release|x64.ActiveCfg = Release|iPhoneSimulator
		{F4102EF4-00CF-4C34-A0F3-E20746D971D1}.Release|x64.Build.0 = Release|iPhoneSimulator
		{F4102EF4-00CF-4C34-A0F3-E20746D971D1}.Release|x86.ActiveCfg = Release|iPhoneSimulator
		{F4102EF4-00CF-4C34-A0F3-E20746D971D1}.Release|x86.Build.0 = Release|iPhoneSimulator
		{68AF953A-3C54-4DFA-99C0-08F463E5AA2C}.Ad-Hoc|Any CPU.ActiveCfg = Debug|Any CPU
		{68AF953A-3C54-4DFA-99C0-08F463E5AA2C}.Ad-Hoc|Any CPU.Build.0 = Debug|Any CPU
		{68AF953A-3C54-4DFA-99C0-08F463E5AA2C}.Ad-Hoc|ARM.ActiveCfg = Release|Any CPU
		{68AF953A-3C54-4DFA-99C0-08F463E5AA2C}.Ad-Hoc|ARM.Build.0 = Release|Any CPU
		{68AF953A-3C54-4DFA-99C0-08F463E5AA2C}.Ad-Hoc|iPhone.ActiveCfg = Debug|Any CPU
		{68AF953A-3C54-4DFA-99C0-08F463E5AA2C}.Ad-Hoc|iPhone.Build.0 = Debug|Any CPU
		{68AF953A-3C54-4DFA-99C0-08F463E5AA2C}.Ad-Hoc|iPhoneSimulator.ActiveCfg = Debug|Any CPU
		{68AF953A-3C54-4DFA-99C0-08F463E5AA2C}.Ad-Hoc|iPhoneSimulator.Build.0 = Debug|Any CPU
		{68AF953A-3C54-4DFA-99C0-08F463E5AA2C}.Ad-Hoc|x64.ActiveCfg = Release|Any CPU
		{68AF953A-3C54-4DFA-99C0-08F463E5AA2C}.Ad-Hoc|x64.Build.0 = Release|Any CPU
		{68AF953A-3C54-4DFA-99C0-08F463E5AA2C}.Ad-Hoc|x86.ActiveCfg = Release|Any CPU
		{68AF953A-3C54-4DFA-99C0-08F463E5AA2C}.Ad-Hoc|x86.Build.0 = Release|Any CPU
		{68AF953A-3C54-4DFA-99C0-08F463E5AA2C}.AppStore|Any CPU.ActiveCfg = Debug|Any CPU
		{68AF953A-3C54-4DFA-99C0-08F463E5AA2C}.AppStore|Any CPU.Build.0 = Debug|Any CPU
		{68AF953A-3C54-4DFA-99C0-08F463E5AA2C}.AppStore|ARM.ActiveCfg = Release|Any CPU
		{68AF953A-3C54-4DFA-99C0-08F463E5AA2C}.AppStore|ARM.Build.0 = Release|Any CPU
		{68AF953A-3C54-4DFA-99C0-08F463E5AA2C}.AppStore|iPhone.ActiveCfg = Debug|Any CPU
		{68AF953A-3C54-4DFA-99C0-08F463E5AA2C}.AppStore|iPhone.Build.0 = Debug|Any CPU
		{68AF953A-3C54-4DFA-99C0-08F463E5AA2C}.AppStore|iPhoneSimulator.ActiveCfg = Debug|Any CPU
		{68AF953A-3C54-4DFA-99C0-08F463E5AA2C}.AppStore|iPhoneSimulator.Build.0 = Debug|Any CPU
		{68AF953A-3C54-4DFA-99C0-08F463E5AA2C}.AppStore|x64.ActiveCfg = Release|Any CPU
		{68AF953A-3C54-4DFA-99C0-08F463E5AA2C}.AppStore|x64.Build.0 = Release|Any CPU
		{68AF953A-3C54-4DFA-99C0-08F463E5AA2C}.AppStore|x86.ActiveCfg = Release|Any CPU
		{68AF953A-3C54-4DFA-99C0-08F463E5AA2C}.AppStore|x86.Build.0 = Release|Any CPU
		{68AF953A-3C54-4DFA-99C0-08F463E5AA2C}.Debug|Any CPU.ActiveCfg = Debug|Any CPU
		{68AF953A-3C54-4DFA-99C0-08F463E5AA2C}.Debug|Any CPU.Build.0 = Debug|Any CPU
		{68AF953A-3C54-4DFA-99C0-08F463E5AA2C}.Debug|ARM.ActiveCfg = Debug|Any CPU
		{68AF953A-3C54-4DFA-99C0-08F463E5AA2C}.Debug|ARM.Build.0 = Debug|Any CPU
		{68AF953A-3C54-4DFA-99C0-08F463E5AA2C}.Debug|iPhone.ActiveCfg = Debug|Any CPU
		{68AF953A-3C54-4DFA-99C0-08F463E5AA2C}.Debug|iPhone.Build.0 = Debug|Any CPU
		{68AF953A-3C54-4DFA-99C0-08F463E5AA2C}.Debug|iPhoneSimulator.ActiveCfg = Debug|Any CPU
		{68AF953A-3C54-4DFA-99C0-08F463E5AA2C}.Debug|iPhoneSimulator.Build.0 = Debug|Any CPU
		{68AF953A-3C54-4DFA-99C0-08F463E5AA2C}.Debug|x64.ActiveCfg = Debug|Any CPU
		{68AF953A-3C54-4DFA-99C0-08F463E5AA2C}.Debug|x64.Build.0 = Debug|Any CPU
		{68AF953A-3C54-4DFA-99C0-08F463E5AA2C}.Debug|x86.ActiveCfg = Debug|Any CPU
		{68AF953A-3C54-4DFA-99C0-08F463E5AA2C}.Debug|x86.Build.0 = Debug|Any CPU
		{68AF953A-3C54-4DFA-99C0-08F463E5AA2C}.Release|Any CPU.ActiveCfg = Release|Any CPU
		{68AF953A-3C54-4DFA-99C0-08F463E5AA2C}.Release|Any CPU.Build.0 = Release|Any CPU
		{68AF953A-3C54-4DFA-99C0-08F463E5AA2C}.Release|ARM.ActiveCfg = Release|Any CPU
		{68AF953A-3C54-4DFA-99C0-08F463E5AA2C}.Release|ARM.Build.0 = Release|Any CPU
		{68AF953A-3C54-4DFA-99C0-08F463E5AA2C}.Release|iPhone.ActiveCfg = Release|Any CPU
		{68AF953A-3C54-4DFA-99C0-08F463E5AA2C}.Release|iPhone.Build.0 = Release|Any CPU
		{68AF953A-3C54-4DFA-99C0-08F463E5AA2C}.Release|iPhoneSimulator.ActiveCfg = Release|Any CPU
		{68AF953A-3C54-4DFA-99C0-08F463E5AA2C}.Release|iPhoneSimulator.Build.0 = Release|Any CPU
		{68AF953A-3C54-4DFA-99C0-08F463E5AA2C}.Release|x64.ActiveCfg = Release|Any CPU
		{68AF953A-3C54-4DFA-99C0-08F463E5AA2C}.Release|x64.Build.0 = Release|Any CPU
		{68AF953A-3C54-4DFA-99C0-08F463E5AA2C}.Release|x86.ActiveCfg = Release|Any CPU
		{68AF953A-3C54-4DFA-99C0-08F463E5AA2C}.Release|x86.Build.0 = Release|Any CPU
		{6B84B7FF-CB0D-4C17-90D0-566853A0140A}.Ad-Hoc|Any CPU.ActiveCfg = Debug|ARM
		{6B84B7FF-CB0D-4C17-90D0-566853A0140A}.Ad-Hoc|Any CPU.Build.0 = Debug|ARM
		{6B84B7FF-CB0D-4C17-90D0-566853A0140A}.Ad-Hoc|Any CPU.Deploy.0 = Debug|ARM
		{6B84B7FF-CB0D-4C17-90D0-566853A0140A}.Ad-Hoc|ARM.ActiveCfg = Debug|ARM
		{6B84B7FF-CB0D-4C17-90D0-566853A0140A}.Ad-Hoc|ARM.Build.0 = Debug|ARM
		{6B84B7FF-CB0D-4C17-90D0-566853A0140A}.Ad-Hoc|ARM.Deploy.0 = Debug|ARM
		{6B84B7FF-CB0D-4C17-90D0-566853A0140A}.Ad-Hoc|iPhone.ActiveCfg = Debug|ARM
		{6B84B7FF-CB0D-4C17-90D0-566853A0140A}.Ad-Hoc|iPhone.Build.0 = Debug|ARM
		{6B84B7FF-CB0D-4C17-90D0-566853A0140A}.Ad-Hoc|iPhone.Deploy.0 = Debug|ARM
		{6B84B7FF-CB0D-4C17-90D0-566853A0140A}.Ad-Hoc|iPhoneSimulator.ActiveCfg = Debug|ARM
		{6B84B7FF-CB0D-4C17-90D0-566853A0140A}.Ad-Hoc|iPhoneSimulator.Build.0 = Debug|ARM
		{6B84B7FF-CB0D-4C17-90D0-566853A0140A}.Ad-Hoc|iPhoneSimulator.Deploy.0 = Debug|ARM
		{6B84B7FF-CB0D-4C17-90D0-566853A0140A}.Ad-Hoc|x64.ActiveCfg = Debug|x64
		{6B84B7FF-CB0D-4C17-90D0-566853A0140A}.Ad-Hoc|x64.Build.0 = Debug|x64
		{6B84B7FF-CB0D-4C17-90D0-566853A0140A}.Ad-Hoc|x64.Deploy.0 = Debug|x64
		{6B84B7FF-CB0D-4C17-90D0-566853A0140A}.Ad-Hoc|x86.ActiveCfg = Debug|x86
		{6B84B7FF-CB0D-4C17-90D0-566853A0140A}.Ad-Hoc|x86.Build.0 = Debug|x86
		{6B84B7FF-CB0D-4C17-90D0-566853A0140A}.Ad-Hoc|x86.Deploy.0 = Debug|x86
		{6B84B7FF-CB0D-4C17-90D0-566853A0140A}.AppStore|Any CPU.ActiveCfg = Debug|ARM
		{6B84B7FF-CB0D-4C17-90D0-566853A0140A}.AppStore|Any CPU.Build.0 = Debug|ARM
		{6B84B7FF-CB0D-4C17-90D0-566853A0140A}.AppStore|Any CPU.Deploy.0 = Debug|ARM
		{6B84B7FF-CB0D-4C17-90D0-566853A0140A}.AppStore|ARM.ActiveCfg = Debug|ARM
		{6B84B7FF-CB0D-4C17-90D0-566853A0140A}.AppStore|ARM.Build.0 = Debug|ARM
		{6B84B7FF-CB0D-4C17-90D0-566853A0140A}.AppStore|ARM.Deploy.0 = Debug|ARM
		{6B84B7FF-CB0D-4C17-90D0-566853A0140A}.AppStore|iPhone.ActiveCfg = Debug|ARM
		{6B84B7FF-CB0D-4C17-90D0-566853A0140A}.AppStore|iPhone.Build.0 = Debug|ARM
		{6B84B7FF-CB0D-4C17-90D0-566853A0140A}.AppStore|iPhone.Deploy.0 = Debug|ARM
		{6B84B7FF-CB0D-4C17-90D0-566853A0140A}.AppStore|iPhoneSimulator.ActiveCfg = Debug|ARM
		{6B84B7FF-CB0D-4C17-90D0-566853A0140A}.AppStore|iPhoneSimulator.Build.0 = Debug|ARM
		{6B84B7FF-CB0D-4C17-90D0-566853A0140A}.AppStore|iPhoneSimulator.Deploy.0 = Debug|ARM
		{6B84B7FF-CB0D-4C17-90D0-566853A0140A}.AppStore|x64.ActiveCfg = Debug|x64
		{6B84B7FF-CB0D-4C17-90D0-566853A0140A}.AppStore|x64.Build.0 = Debug|x64
		{6B84B7FF-CB0D-4C17-90D0-566853A0140A}.AppStore|x64.Deploy.0 = Debug|x64
		{6B84B7FF-CB0D-4C17-90D0-566853A0140A}.AppStore|x86.ActiveCfg = Debug|x86
		{6B84B7FF-CB0D-4C17-90D0-566853A0140A}.AppStore|x86.Build.0 = Debug|x86
		{6B84B7FF-CB0D-4C17-90D0-566853A0140A}.AppStore|x86.Deploy.0 = Debug|x86
		{6B84B7FF-CB0D-4C17-90D0-566853A0140A}.Debug|Any CPU.ActiveCfg = Debug|x64
		{6B84B7FF-CB0D-4C17-90D0-566853A0140A}.Debug|Any CPU.Build.0 = Debug|x64
		{6B84B7FF-CB0D-4C17-90D0-566853A0140A}.Debug|Any CPU.Deploy.0 = Debug|x64
		{6B84B7FF-CB0D-4C17-90D0-566853A0140A}.Debug|ARM.ActiveCfg = Debug|ARM
		{6B84B7FF-CB0D-4C17-90D0-566853A0140A}.Debug|ARM.Build.0 = Debug|ARM
		{6B84B7FF-CB0D-4C17-90D0-566853A0140A}.Debug|ARM.Deploy.0 = Debug|ARM
		{6B84B7FF-CB0D-4C17-90D0-566853A0140A}.Debug|iPhone.ActiveCfg = Debug|x64
		{6B84B7FF-CB0D-4C17-90D0-566853A0140A}.Debug|iPhone.Build.0 = Debug|x64
		{6B84B7FF-CB0D-4C17-90D0-566853A0140A}.Debug|iPhone.Deploy.0 = Debug|x64
		{6B84B7FF-CB0D-4C17-90D0-566853A0140A}.Debug|iPhoneSimulator.ActiveCfg = Debug|x64
		{6B84B7FF-CB0D-4C17-90D0-566853A0140A}.Debug|iPhoneSimulator.Build.0 = Debug|x64
		{6B84B7FF-CB0D-4C17-90D0-566853A0140A}.Debug|iPhoneSimulator.Deploy.0 = Debug|x64
		{6B84B7FF-CB0D-4C17-90D0-566853A0140A}.Debug|x64.ActiveCfg = Debug|x64
		{6B84B7FF-CB0D-4C17-90D0-566853A0140A}.Debug|x64.Build.0 = Debug|x64
		{6B84B7FF-CB0D-4C17-90D0-566853A0140A}.Debug|x64.Deploy.0 = Debug|x64
		{6B84B7FF-CB0D-4C17-90D0-566853A0140A}.Debug|x86.ActiveCfg = Debug|x86
		{6B84B7FF-CB0D-4C17-90D0-566853A0140A}.Debug|x86.Build.0 = Debug|x86
		{6B84B7FF-CB0D-4C17-90D0-566853A0140A}.Debug|x86.Deploy.0 = Debug|x86
		{6B84B7FF-CB0D-4C17-90D0-566853A0140A}.Release|Any CPU.ActiveCfg = Release|x64
		{6B84B7FF-CB0D-4C17-90D0-566853A0140A}.Release|Any CPU.Build.0 = Release|x64
		{6B84B7FF-CB0D-4C17-90D0-566853A0140A}.Release|Any CPU.Deploy.0 = Release|x64
		{6B84B7FF-CB0D-4C17-90D0-566853A0140A}.Release|ARM.ActiveCfg = Release|ARM
		{6B84B7FF-CB0D-4C17-90D0-566853A0140A}.Release|ARM.Build.0 = Release|ARM
		{6B84B7FF-CB0D-4C17-90D0-566853A0140A}.Release|ARM.Deploy.0 = Release|ARM
		{6B84B7FF-CB0D-4C17-90D0-566853A0140A}.Release|iPhone.ActiveCfg = Release|x64
		{6B84B7FF-CB0D-4C17-90D0-566853A0140A}.Release|iPhone.Build.0 = Release|x64
		{6B84B7FF-CB0D-4C17-90D0-566853A0140A}.Release|iPhone.Deploy.0 = Release|x64
		{6B84B7FF-CB0D-4C17-90D0-566853A0140A}.Release|iPhoneSimulator.ActiveCfg = Release|x64
		{6B84B7FF-CB0D-4C17-90D0-566853A0140A}.Release|iPhoneSimulator.Build.0 = Release|x64
		{6B84B7FF-CB0D-4C17-90D0-566853A0140A}.Release|iPhoneSimulator.Deploy.0 = Release|x64
		{6B84B7FF-CB0D-4C17-90D0-566853A0140A}.Release|x64.ActiveCfg = Release|x64
		{6B84B7FF-CB0D-4C17-90D0-566853A0140A}.Release|x64.Build.0 = Release|x64
		{6B84B7FF-CB0D-4C17-90D0-566853A0140A}.Release|x64.Deploy.0 = Release|x64
		{6B84B7FF-CB0D-4C17-90D0-566853A0140A}.Release|x86.ActiveCfg = Release|x86
		{6B84B7FF-CB0D-4C17-90D0-566853A0140A}.Release|x86.Build.0 = Release|x86
		{6B84B7FF-CB0D-4C17-90D0-566853A0140A}.Release|x86.Deploy.0 = Release|x86
	EndGlobalSection
	GlobalSection(SolutionProperties) = preSolution
		HideSolutionNode = FALSE
	EndGlobalSection
	GlobalSection(ExtensibilityGlobals) = postSolution
		SolutionGuid = {77A4DAB6-D99B-4A42-8A49-2669DE3E7CD4}
	EndGlobalSection
EndGlobal
